
Microsoft Visual Studio Solution File, Format Version 12.00
# Visual Studio Version 17
VisualStudioVersion = 17.5.33424.131
MinimumVisualStudioVersion = 10.0.40219.1
Project("{FAE04EC0-301F-11D3-BF4B-00C04F79EFBC}") = "lab6task1", "lab6task1\lab6task1.csproj", "{9F8F4760-43E6-471C-B34A-6B9FA0E12E47}"
EndProject
Project("{FAE04EC0-301F-11D3-BF4B-00C04F79EFBC}") = "lab6task2", "lab6task2\lab6task2.csproj", "{78A9289C-130F-4A57-93F6-01BF7379A4D9}"
EndProject
Project("{FAE04EC0-301F-11D3-BF4B-00C04F79EFBC}") = "lab6task3", "lab6task3\lab6task3.csproj", "{E9C74442-BF7A-4FC0-A111-A720BD359A30}"
EndProject
Project("{FAE04EC0-301F-11D3-BF4B-00C04F79EFBC}") = "lab6task4", "lab6task4\lab6task4.csproj", "{DD81445A-890E-4F3D-ABEE-A22A14DB033B}"
EndProject
Global
	GlobalSection(SolutionConfigurationPlatforms) = preSolution
		Debug|Any CPU = Debug|Any CPU
		Release|Any CPU = Release|Any CPU
	EndGlobalSection
	GlobalSection(ProjectConfigurationPlatforms) = postSolution
		{9F8F4760-43E6-471C-B34A-6B9FA0E12E47}.Debug|Any CPU.ActiveCfg = Debug|Any CPU
		{9F8F4760-43E6-471C-B34A-6B9FA0E12E47}.Debug|Any CPU.Build.0 = Debug|Any CPU
		{9F8F4760-43E6-471C-B34A-6B9FA0E12E47}.Release|Any CPU.ActiveCfg = Release|Any CPU
		{9F8F4760-43E6-471C-B34A-6B9FA0E12E47}.Release|Any CPU.Build.0 = Release|Any CPU
		{78A9289C-130F-4A57-93F6-01BF7379A4D9}.Debug|Any CPU.ActiveCfg = Debug|Any CPU
		{78A9289C-130F-4A57-93F6-01BF7379A4D9}.Debug|Any CPU.Build.0 = Debug|Any CPU
		{78A9289C-130F-4A57-93F6-01BF7379A4D9}.Release|Any CPU.ActiveCfg = Release|Any CPU
		{78A9289C-130F-4A57-93F6-01BF7379A4D9}.Release|Any CPU.Build.0 = Release|Any CPU
		{E9C74442-BF7A-4FC0-A111-A720BD359A30}.Debug|Any CPU.ActiveCfg = Debug|Any CPU
		{E9C74442-BF7A-4FC0-A111-A720BD359A30}.Debug|Any CPU.Build.0 = Debug|Any CPU
		{E9C74442-BF7A-4FC0-A111-A720BD359A30}.Release|Any CPU.ActiveCfg = Release|Any CPU
		{E9C74442-BF7A-4FC0-A111-A720BD359A30}.Release|Any CPU.Build.0 = Release|Any CPU
		{DD81445A-890E-4F3D-ABEE-A22A14DB033B}.Debug|Any CPU.ActiveCfg = Debug|Any CPU
		{DD81445A-890E-4F3D-ABEE-A22A14DB033B}.Debug|Any CPU.Build.0 = Debug|Any CPU
		{DD81445A-890E-4F3D-ABEE-A22A14DB033B}.Release|Any CPU.ActiveCfg = Release|Any CPU
		{DD81445A-890E-4F3D-ABEE-A22A14DB033B}.Release|Any CPU.Build.0 = Release|Any CPU
	EndGlobalSection
	GlobalSection(SolutionProperties) = preSolution
		HideSolutionNode = FALSE
	EndGlobalSection
	GlobalSection(ExtensibilityGlobals) = postSolution
		SolutionGuid = {83B63C35-948C-4618-8163-4EB836FE89A4}
	EndGlobalSection
EndGlobal
